%{
  "poolboy": {:hex, :poolboy, "1.5.2", "392b007a1693a64540cead79830443abf5762f5d30cf50bc95cb2c1aaafa006b", [:rebar3], [], "hexpm", "dad79704ce5440f3d5a3681c8590b9dc25d1a561e8f5a9c995281012860901e3"},
  "sftp_ex": {:hex, :sftp_ex, "0.2.6", "89cbb3985791c902ab002f7a619490108f1b4dbec7cdc2424450602f0493de32", [:mix], [], "hexpm", "8e532500604a91fe0115789916ec9ab50b019b56d579b3d6f0bd6baf9f16e379"},
  "statix": {:hex, :statix, "1.4.0", "c822abd1e60e62828e8460e932515d0717aa3c089b44cc3f795d43b94570b3a8", [:mix], [], "hexpm", "507373cc80925a9b6856cb14ba17f6125552434314f6613c907d295a09d1a375"},
  "telemetry": {:hex, :telemetry, "0.4.3", "a06428a514bdbc63293cd9a6263aad00ddeb66f608163bdec7c8995784080818", [:rebar3], [], "hexpm", "eb72b8365ffda5bed68a620d1da88525e326cb82a75ee61354fc24b844768041"},
}
